
Microsoft Visual Studio Solution File, Format Version 12.00
# Visual Studio Version 17
VisualStudioVersion = 17.4.33213.308
MinimumVisualStudioVersion = 10.0.40219.1
Project("{FAE04EC0-301F-11D3-BF4B-00C04F79EFBC}") = "UdemyArrayMethods", "UdemyArrayMethods.csproj", "{0C741A56-4D9A-4666-BCD4-23B9C01138A5}"
EndProject
Global
	GlobalSection(SolutionConfigurationPlatforms) = preSolution
		Debug|Any CPU = Debug|Any CPU
		Release|Any CPU = Release|Any CPU
	EndGlobalSection
	GlobalSection(ProjectConfigurationPlatforms) = postSolution
		{0C741A56-4D9A-4666-BCD4-23B9C01138A5}.Debug|Any CPU.ActiveCfg = Debug|Any CPU
		{0C741A56-4D9A-4666-BCD4-23B9C01138A5}.Debug|Any CPU.Build.0 = Debug|Any CPU
		{0C741A56-4D9A-4666-BCD4-23B9C01138A5}.Release|Any CPU.ActiveCfg = Release|Any CPU
		{0C741A56-4D9A-4666-BCD4-23B9C01138A5}.Release|Any CPU.Build.0 = Release|Any CPU
	EndGlobalSection
	GlobalSection(SolutionProperties) = preSolution
		HideSolutionNode = FALSE
	EndGlobalSection
	GlobalSection(ExtensibilityGlobals) = postSolution
		SolutionGuid = {48D5ABA4-41E3-475D-9F4A-6F282C0DCE4A}
	EndGlobalSection
EndGlobal
