
Microsoft Visual Studio Solution File, Format Version 12.00
# Visual Studio 15
VisualStudioVersion = 15.0.28307.102
MinimumVisualStudioVersion = 10.0.40219.1
Project("{FAE04EC0-301F-11D3-BF4B-00C04F79EFBC}") = "RunMathLibrary", "RunMathLibrary\RunMathLibrary.csproj", "{169C45DA-86FE-4A95-BC46-1B5752BA0904}"
EndProject
Global
	GlobalSection(SolutionConfigurationPlatforms) = preSolution
		Debug|Any CPU = Debug|Any CPU
		Release|Any CPU = Release|Any CPU
	EndGlobalSection
	GlobalSection(ProjectConfigurationPlatforms) = postSolution
		{169C45DA-86FE-4A95-BC46-1B5752BA0904}.Debug|Any CPU.ActiveCfg = Debug|Any CPU
		{169C45DA-86FE-4A95-BC46-1B5752BA0904}.Debug|Any CPU.Build.0 = Debug|Any CPU
		{169C45DA-86FE-4A95-BC46-1B5752BA0904}.Release|Any CPU.ActiveCfg = Release|Any CPU
		{169C45DA-86FE-4A95-BC46-1B5752BA0904}.Release|Any CPU.Build.0 = Release|Any CPU
	EndGlobalSection
	GlobalSection(SolutionProperties) = preSolution
		HideSolutionNode = FALSE
	EndGlobalSection
	GlobalSection(ExtensibilityGlobals) = postSolution
		SolutionGuid = {874C2C0B-05BA-4C9E-9838-9E229CE60809}
	EndGlobalSection
EndGlobal
