
Microsoft Visual Studio Solution File, Format Version 12.00
# Visual Studio 15
VisualStudioVersion = 15.0.28010.0
MinimumVisualStudioVersion = 10.0.40219.1
Project("{FAE04EC0-301F-11D3-BF4B-00C04F79EFBC}") = "Chapter5Examples", "Chapter5Examples\Chapter5Examples.csproj", "{27C36585-554A-4961-974E-E55A6F9407B3}"
EndProject
Global
	GlobalSection(SolutionConfigurationPlatforms) = preSolution
		Debug|Any CPU = Debug|Any CPU
		Release|Any CPU = Release|Any CPU
	EndGlobalSection
	GlobalSection(ProjectConfigurationPlatforms) = postSolution
		{27C36585-554A-4961-974E-E55A6F9407B3}.Debug|Any CPU.ActiveCfg = Debug|Any CPU
		{27C36585-554A-4961-974E-E55A6F9407B3}.Debug|Any CPU.Build.0 = Debug|Any CPU
		{27C36585-554A-4961-974E-E55A6F9407B3}.Release|Any CPU.ActiveCfg = Release|Any CPU
		{27C36585-554A-4961-974E-E55A6F9407B3}.Release|Any CPU.Build.0 = Release|Any CPU
	EndGlobalSection
	GlobalSection(SolutionProperties) = preSolution
		HideSolutionNode = FALSE
	EndGlobalSection
	GlobalSection(ExtensibilityGlobals) = postSolution
		SolutionGuid = {55FA923A-6B56-4407-8098-BE5D84A22A99}
	EndGlobalSection
EndGlobal
