
Microsoft Visual Studio Solution File, Format Version 12.00
# Visual Studio Version 17
VisualStudioVersion = 17.4.33213.308
MinimumVisualStudioVersion = 10.0.40219.1
Project("{FAE04EC0-301F-11D3-BF4B-00C04F79EFBC}") = "UdemyPassByRefVal", "UdemyPassByRefVal.csproj", "{C17FC1ED-5835-440D-9752-C8FC1EFE373C}"
EndProject
Global
	GlobalSection(SolutionConfigurationPlatforms) = preSolution
		Debug|Any CPU = Debug|Any CPU
		Release|Any CPU = Release|Any CPU
	EndGlobalSection
	GlobalSection(ProjectConfigurationPlatforms) = postSolution
		{C17FC1ED-5835-440D-9752-C8FC1EFE373C}.Debug|Any CPU.ActiveCfg = Debug|Any CPU
		{C17FC1ED-5835-440D-9752-C8FC1EFE373C}.Debug|Any CPU.Build.0 = Debug|Any CPU
		{C17FC1ED-5835-440D-9752-C8FC1EFE373C}.Release|Any CPU.ActiveCfg = Release|Any CPU
		{C17FC1ED-5835-440D-9752-C8FC1EFE373C}.Release|Any CPU.Build.0 = Release|Any CPU
	EndGlobalSection
	GlobalSection(SolutionProperties) = preSolution
		HideSolutionNode = FALSE
	EndGlobalSection
	GlobalSection(ExtensibilityGlobals) = postSolution
		SolutionGuid = {982654C5-D7B0-42FD-B29B-4C9BFE71196A}
	EndGlobalSection
EndGlobal
