
Microsoft Visual Studio Solution File, Format Version 12.00
# Visual Studio 15
VisualStudioVersion = 15.0.28010.0
MinimumVisualStudioVersion = 10.0.40219.1
Project("{FAE04EC0-301F-11D3-BF4B-00C04F79EFBC}") = "CalorieCounter", "CalorieCounter\CalorieCounter.csproj", "{66A2C50C-1D9A-4250-A2F3-2EC0B97D205E}"
EndProject
Global
	GlobalSection(SolutionConfigurationPlatforms) = preSolution
		Debug|Any CPU = Debug|Any CPU
		Release|Any CPU = Release|Any CPU
	EndGlobalSection
	GlobalSection(ProjectConfigurationPlatforms) = postSolution
		{66A2C50C-1D9A-4250-A2F3-2EC0B97D205E}.Debug|Any CPU.ActiveCfg = Debug|Any CPU
		{66A2C50C-1D9A-4250-A2F3-2EC0B97D205E}.Debug|Any CPU.Build.0 = Debug|Any CPU
		{66A2C50C-1D9A-4250-A2F3-2EC0B97D205E}.Release|Any CPU.ActiveCfg = Release|Any CPU
		{66A2C50C-1D9A-4250-A2F3-2EC0B97D205E}.Release|Any CPU.Build.0 = Release|Any CPU
	EndGlobalSection
	GlobalSection(SolutionProperties) = preSolution
		HideSolutionNode = FALSE
	EndGlobalSection
	GlobalSection(ExtensibilityGlobals) = postSolution
		SolutionGuid = {05C66F8E-B388-4213-8382-EC9B93E2C953}
	EndGlobalSection
EndGlobal
