
Microsoft Visual Studio Solution File, Format Version 12.00
# Visual Studio 15
VisualStudioVersion = 15.0.28307.102
MinimumVisualStudioVersion = 10.0.40219.1
Project("{FAE04EC0-301F-11D3-BF4B-00C04F79EFBC}") = "EmployeeDB", "EmployeeDB\EmployeeDB.csproj", "{436620C9-5476-4265-A775-33B67BED4518}"
EndProject
Global
	GlobalSection(SolutionConfigurationPlatforms) = preSolution
		Debug|Any CPU = Debug|Any CPU
		Release|Any CPU = Release|Any CPU
	EndGlobalSection
	GlobalSection(ProjectConfigurationPlatforms) = postSolution
		{436620C9-5476-4265-A775-33B67BED4518}.Debug|Any CPU.ActiveCfg = Debug|Any CPU
		{436620C9-5476-4265-A775-33B67BED4518}.Debug|Any CPU.Build.0 = Debug|Any CPU
		{436620C9-5476-4265-A775-33B67BED4518}.Release|Any CPU.ActiveCfg = Release|Any CPU
		{436620C9-5476-4265-A775-33B67BED4518}.Release|Any CPU.Build.0 = Release|Any CPU
	EndGlobalSection
	GlobalSection(SolutionProperties) = preSolution
		HideSolutionNode = FALSE
	EndGlobalSection
	GlobalSection(ExtensibilityGlobals) = postSolution
		SolutionGuid = {18FD8699-87C2-4E68-95F4-BB5442E2685F}
	EndGlobalSection
EndGlobal
