
Microsoft Visual Studio Solution File, Format Version 12.00
# Visual Studio Version 17
VisualStudioVersion = 17.4.33213.308
MinimumVisualStudioVersion = 10.0.40219.1
Project("{FAE04EC0-301F-11D3-BF4B-00C04F79EFBC}") = "UdemyOperatorOverloading", "UdemyOperatorOverloading.csproj", "{3427D9C0-987F-49C4-B847-94B506B4FC90}"
EndProject
Global
	GlobalSection(SolutionConfigurationPlatforms) = preSolution
		Debug|Any CPU = Debug|Any CPU
		Release|Any CPU = Release|Any CPU
	EndGlobalSection
	GlobalSection(ProjectConfigurationPlatforms) = postSolution
		{3427D9C0-987F-49C4-B847-94B506B4FC90}.Debug|Any CPU.ActiveCfg = Debug|Any CPU
		{3427D9C0-987F-49C4-B847-94B506B4FC90}.Debug|Any CPU.Build.0 = Debug|Any CPU
		{3427D9C0-987F-49C4-B847-94B506B4FC90}.Release|Any CPU.ActiveCfg = Release|Any CPU
		{3427D9C0-987F-49C4-B847-94B506B4FC90}.Release|Any CPU.Build.0 = Release|Any CPU
	EndGlobalSection
	GlobalSection(SolutionProperties) = preSolution
		HideSolutionNode = FALSE
	EndGlobalSection
	GlobalSection(ExtensibilityGlobals) = postSolution
		SolutionGuid = {B8D6CFC3-F290-4529-A906-A7D670F1877A}
	EndGlobalSection
EndGlobal
