
Microsoft Visual Studio Solution File, Format Version 12.00
# Visual Studio Version 17
VisualStudioVersion = 17.4.33213.308
MinimumVisualStudioVersion = 10.0.40219.1
Project("{FAE04EC0-301F-11D3-BF4B-00C04F79EFBC}") = "UdemyCharBasic", "UdemyCharBasic.csproj", "{B693E642-3E77-4D9B-BD9A-C09747591FF8}"
EndProject
Global
	GlobalSection(SolutionConfigurationPlatforms) = preSolution
		Debug|Any CPU = Debug|Any CPU
		Release|Any CPU = Release|Any CPU
	EndGlobalSection
	GlobalSection(ProjectConfigurationPlatforms) = postSolution
		{B693E642-3E77-4D9B-BD9A-C09747591FF8}.Debug|Any CPU.ActiveCfg = Debug|Any CPU
		{B693E642-3E77-4D9B-BD9A-C09747591FF8}.Debug|Any CPU.Build.0 = Debug|Any CPU
		{B693E642-3E77-4D9B-BD9A-C09747591FF8}.Release|Any CPU.ActiveCfg = Release|Any CPU
		{B693E642-3E77-4D9B-BD9A-C09747591FF8}.Release|Any CPU.Build.0 = Release|Any CPU
	EndGlobalSection
	GlobalSection(SolutionProperties) = preSolution
		HideSolutionNode = FALSE
	EndGlobalSection
	GlobalSection(ExtensibilityGlobals) = postSolution
		SolutionGuid = {DBDFB245-4BF9-43C6-B465-32E5F5E44ADC}
	EndGlobalSection
EndGlobal
