
Microsoft Visual Studio Solution File, Format Version 12.00
# Visual Studio Version 17
VisualStudioVersion = 17.4.33213.308
MinimumVisualStudioVersion = 10.0.40219.1
Project("{FAE04EC0-301F-11D3-BF4B-00C04F79EFBC}") = "UdemyRefKeyword", "UdemyRefKeyword.csproj", "{7E2343AC-C281-4827-AF26-371858800655}"
EndProject
Global
	GlobalSection(SolutionConfigurationPlatforms) = preSolution
		Debug|Any CPU = Debug|Any CPU
		Release|Any CPU = Release|Any CPU
	EndGlobalSection
	GlobalSection(ProjectConfigurationPlatforms) = postSolution
		{7E2343AC-C281-4827-AF26-371858800655}.Debug|Any CPU.ActiveCfg = Debug|Any CPU
		{7E2343AC-C281-4827-AF26-371858800655}.Debug|Any CPU.Build.0 = Debug|Any CPU
		{7E2343AC-C281-4827-AF26-371858800655}.Release|Any CPU.ActiveCfg = Release|Any CPU
		{7E2343AC-C281-4827-AF26-371858800655}.Release|Any CPU.Build.0 = Release|Any CPU
	EndGlobalSection
	GlobalSection(SolutionProperties) = preSolution
		HideSolutionNode = FALSE
	EndGlobalSection
	GlobalSection(ExtensibilityGlobals) = postSolution
		SolutionGuid = {2582E908-1FE7-42ED-9964-DBDB5608CD6F}
	EndGlobalSection
EndGlobal
