
Microsoft Visual Studio Solution File, Format Version 12.00
# Visual Studio Version 17
VisualStudioVersion = 17.4.33213.308
MinimumVisualStudioVersion = 10.0.40219.1
Project("{FAE04EC0-301F-11D3-BF4B-00C04F79EFBC}") = "UdemyGettersSetters", "UdemyGettersSetters.csproj", "{6720E2A9-0278-4EB1-9E7E-2C6D90D13751}"
EndProject
Global
	GlobalSection(SolutionConfigurationPlatforms) = preSolution
		Debug|Any CPU = Debug|Any CPU
		Release|Any CPU = Release|Any CPU
	EndGlobalSection
	GlobalSection(ProjectConfigurationPlatforms) = postSolution
		{6720E2A9-0278-4EB1-9E7E-2C6D90D13751}.Debug|Any CPU.ActiveCfg = Debug|Any CPU
		{6720E2A9-0278-4EB1-9E7E-2C6D90D13751}.Debug|Any CPU.Build.0 = Debug|Any CPU
		{6720E2A9-0278-4EB1-9E7E-2C6D90D13751}.Release|Any CPU.ActiveCfg = Release|Any CPU
		{6720E2A9-0278-4EB1-9E7E-2C6D90D13751}.Release|Any CPU.Build.0 = Release|Any CPU
	EndGlobalSection
	GlobalSection(SolutionProperties) = preSolution
		HideSolutionNode = FALSE
	EndGlobalSection
	GlobalSection(ExtensibilityGlobals) = postSolution
		SolutionGuid = {ECDDAA84-71AB-4EB9-9DEA-BB9BC73C7663}
	EndGlobalSection
EndGlobal
