
Microsoft Visual Studio Solution File, Format Version 12.00
# Visual Studio 15
VisualStudioVersion = 15.0.28010.0
MinimumVisualStudioVersion = 10.0.40219.1
Project("{FAE04EC0-301F-11D3-BF4B-00C04F79EFBC}") = "Temperature", "Temperature\Temperature.csproj", "{0CF3D3B2-414C-4D0D-8214-B840280CAE67}"
EndProject
Global
	GlobalSection(SolutionConfigurationPlatforms) = preSolution
		Debug|Any CPU = Debug|Any CPU
		Release|Any CPU = Release|Any CPU
	EndGlobalSection
	GlobalSection(ProjectConfigurationPlatforms) = postSolution
		{0CF3D3B2-414C-4D0D-8214-B840280CAE67}.Debug|Any CPU.ActiveCfg = Debug|Any CPU
		{0CF3D3B2-414C-4D0D-8214-B840280CAE67}.Debug|Any CPU.Build.0 = Debug|Any CPU
		{0CF3D3B2-414C-4D0D-8214-B840280CAE67}.Release|Any CPU.ActiveCfg = Release|Any CPU
		{0CF3D3B2-414C-4D0D-8214-B840280CAE67}.Release|Any CPU.Build.0 = Release|Any CPU
	EndGlobalSection
	GlobalSection(SolutionProperties) = preSolution
		HideSolutionNode = FALSE
	EndGlobalSection
	GlobalSection(ExtensibilityGlobals) = postSolution
		SolutionGuid = {F70771B2-31FD-430E-ADB7-35098E47091C}
	EndGlobalSection
EndGlobal
