
Microsoft Visual Studio Solution File, Format Version 12.00
# Visual Studio Version 17
VisualStudioVersion = 17.4.33213.308
MinimumVisualStudioVersion = 10.0.40219.1
Project("{FAE04EC0-301F-11D3-BF4B-00C04F79EFBC}") = "UdemyClassExercise2", "UdemyClassExercise2.csproj", "{562A437E-742F-4A34-8F30-13983B88B988}"
EndProject
Global
	GlobalSection(SolutionConfigurationPlatforms) = preSolution
		Debug|Any CPU = Debug|Any CPU
		Release|Any CPU = Release|Any CPU
	EndGlobalSection
	GlobalSection(ProjectConfigurationPlatforms) = postSolution
		{562A437E-742F-4A34-8F30-13983B88B988}.Debug|Any CPU.ActiveCfg = Debug|Any CPU
		{562A437E-742F-4A34-8F30-13983B88B988}.Debug|Any CPU.Build.0 = Debug|Any CPU
		{562A437E-742F-4A34-8F30-13983B88B988}.Release|Any CPU.ActiveCfg = Release|Any CPU
		{562A437E-742F-4A34-8F30-13983B88B988}.Release|Any CPU.Build.0 = Release|Any CPU
	EndGlobalSection
	GlobalSection(SolutionProperties) = preSolution
		HideSolutionNode = FALSE
	EndGlobalSection
	GlobalSection(ExtensibilityGlobals) = postSolution
		SolutionGuid = {F67AAA62-7910-4A2B-ACDF-465D8EAC26D7}
	EndGlobalSection
EndGlobal
