
Microsoft Visual Studio Solution File, Format Version 12.00
# Visual Studio Version 17
VisualStudioVersion = 17.4.33213.308
MinimumVisualStudioVersion = 10.0.40219.1
Project("{FAE04EC0-301F-11D3-BF4B-00C04F79EFBC}") = "UdemyZipcodeArray", "UdemyZipcodeArray.csproj", "{50833C6F-17F2-4B2D-B3E2-444D864D1DCE}"
EndProject
Global
	GlobalSection(SolutionConfigurationPlatforms) = preSolution
		Debug|Any CPU = Debug|Any CPU
		Release|Any CPU = Release|Any CPU
	EndGlobalSection
	GlobalSection(ProjectConfigurationPlatforms) = postSolution
		{50833C6F-17F2-4B2D-B3E2-444D864D1DCE}.Debug|Any CPU.ActiveCfg = Debug|Any CPU
		{50833C6F-17F2-4B2D-B3E2-444D864D1DCE}.Debug|Any CPU.Build.0 = Debug|Any CPU
		{50833C6F-17F2-4B2D-B3E2-444D864D1DCE}.Release|Any CPU.ActiveCfg = Release|Any CPU
		{50833C6F-17F2-4B2D-B3E2-444D864D1DCE}.Release|Any CPU.Build.0 = Release|Any CPU
	EndGlobalSection
	GlobalSection(SolutionProperties) = preSolution
		HideSolutionNode = FALSE
	EndGlobalSection
	GlobalSection(ExtensibilityGlobals) = postSolution
		SolutionGuid = {3620F0B0-9319-4371-9627-03C67C072B85}
	EndGlobalSection
EndGlobal
