
Microsoft Visual Studio Solution File, Format Version 12.00
# Visual Studio Version 17
VisualStudioVersion = 17.4.33213.308
MinimumVisualStudioVersion = 10.0.40219.1
Project("{FAE04EC0-301F-11D3-BF4B-00C04F79EFBC}") = "UdemySumMethod", "UdemySumMethod.csproj", "{F92E267A-9D70-4968-838C-1932213DF989}"
EndProject
Global
	GlobalSection(SolutionConfigurationPlatforms) = preSolution
		Debug|Any CPU = Debug|Any CPU
		Release|Any CPU = Release|Any CPU
	EndGlobalSection
	GlobalSection(ProjectConfigurationPlatforms) = postSolution
		{F92E267A-9D70-4968-838C-1932213DF989}.Debug|Any CPU.ActiveCfg = Debug|Any CPU
		{F92E267A-9D70-4968-838C-1932213DF989}.Debug|Any CPU.Build.0 = Debug|Any CPU
		{F92E267A-9D70-4968-838C-1932213DF989}.Release|Any CPU.ActiveCfg = Release|Any CPU
		{F92E267A-9D70-4968-838C-1932213DF989}.Release|Any CPU.Build.0 = Release|Any CPU
	EndGlobalSection
	GlobalSection(SolutionProperties) = preSolution
		HideSolutionNode = FALSE
	EndGlobalSection
	GlobalSection(ExtensibilityGlobals) = postSolution
		SolutionGuid = {C9BE2807-17B9-4AC1-85C9-63D081F7B701}
	EndGlobalSection
EndGlobal
