
Microsoft Visual Studio Solution File, Format Version 12.00
# Visual Studio 15
VisualStudioVersion = 15.0.28307.102
MinimumVisualStudioVersion = 10.0.40219.1
Project("{FAE04EC0-301F-11D3-BF4B-00C04F79EFBC}") = "LibraryTester", "LibraryTester\LibraryTester.csproj", "{417BCEB6-2B7C-4BEE-88F1-D0511FF5F323}"
EndProject
Global
	GlobalSection(SolutionConfigurationPlatforms) = preSolution
		Debug|Any CPU = Debug|Any CPU
		Release|Any CPU = Release|Any CPU
	EndGlobalSection
	GlobalSection(ProjectConfigurationPlatforms) = postSolution
		{417BCEB6-2B7C-4BEE-88F1-D0511FF5F323}.Debug|Any CPU.ActiveCfg = Debug|Any CPU
		{417BCEB6-2B7C-4BEE-88F1-D0511FF5F323}.Debug|Any CPU.Build.0 = Debug|Any CPU
		{417BCEB6-2B7C-4BEE-88F1-D0511FF5F323}.Release|Any CPU.ActiveCfg = Release|Any CPU
		{417BCEB6-2B7C-4BEE-88F1-D0511FF5F323}.Release|Any CPU.Build.0 = Release|Any CPU
	EndGlobalSection
	GlobalSection(SolutionProperties) = preSolution
		HideSolutionNode = FALSE
	EndGlobalSection
	GlobalSection(ExtensibilityGlobals) = postSolution
		SolutionGuid = {506D9713-72D9-4DC5-A905-7C8BB3874E75}
	EndGlobalSection
EndGlobal
